
Microsoft Visual Studio Solution File, Format Version 12.00
# Visual Studio Version 17
VisualStudioVersion = 17.12.35707.178
MinimumVisualStudioVersion = 10.0.40219.1
Project("{FAE04EC0-301F-11D3-BF4B-00C04F79EFBC}") = "swadv", "swadv\swadv.csproj", "{648EDD6A-5321-4A91-8158-7632C55316D9}"
EndProject
Project("{FAE04EC0-301F-11D3-BF4B-00C04F79EFBC}") = "TestItem", "TestItem\TestItem.csproj", "{E0E1F14A-DC62-4B66-9C60-B52F7E64E613}"
EndProject
Project("{FAE04EC0-301F-11D3-BF4B-00C04F79EFBC}") = "TestPlayer", "TestPlayer\TestPlayer.csproj", "{2DDFAFA2-464E-4E71-890C-68A0829E286F}"
EndProject
Project("{FAE04EC0-301F-11D3-BF4B-00C04F79EFBC}") = "TestInventory", "TestInventory\TestInventory.csproj", "{6075766E-21FB-4B40-BD2B-CA1119D9EC50}"
EndProject
Project("{FAE04EC0-301F-11D3-BF4B-00C04F79EFBC}") = "TestBag", "TestBag\TestBag.csproj", "{E80F1308-73F7-4CC8-A40E-265A9FC455DD}"
EndProject
Project("{FAE04EC0-301F-11D3-BF4B-00C04F79EFBC}") = "TestidentifiableObject", "TestIdentifiableObject\TestidentifiableObject.csproj", "{42207BD0-87D2-4B63-A73E-17B93DAA74C0}"
EndProject
Project("{FAE04EC0-301F-11D3-BF4B-00C04F79EFBC}") = "TestLookCommand", "TestLookCommand\TestLookCommand.csproj", "{236FC27A-E63E-490E-BF6B-7744E4A799C1}"
EndProject
Project("{FAE04EC0-301F-11D3-BF4B-00C04F79EFBC}") = "TestLocation", "TestLocation\TestLocation.csproj", "{FDD71D9E-0C1F-4ABA-919A-8E8D1B44549B}"
EndProject
Project("{FAE04EC0-301F-11D3-BF4B-00C04F79EFBC}") = "TestPath", "TestPath\TestPath.csproj", "{86111CF4-1A99-48E6-9437-27653AF5B5B7}"
EndProject
Global
	GlobalSection(SolutionConfigurationPlatforms) = preSolution
		Debug|Any CPU = Debug|Any CPU
		Release|Any CPU = Release|Any CPU
	EndGlobalSection
	GlobalSection(ProjectConfigurationPlatforms) = postSolution
		{648EDD6A-5321-4A91-8158-7632C55316D9}.Debug|Any CPU.ActiveCfg = Debug|Any CPU
		{648EDD6A-5321-4A91-8158-7632C55316D9}.Debug|Any CPU.Build.0 = Debug|Any CPU
		{648EDD6A-5321-4A91-8158-7632C55316D9}.Release|Any CPU.ActiveCfg = Release|Any CPU
		{648EDD6A-5321-4A91-8158-7632C55316D9}.Release|Any CPU.Build.0 = Release|Any CPU
		{E0E1F14A-DC62-4B66-9C60-B52F7E64E613}.Debug|Any CPU.ActiveCfg = Debug|Any CPU
		{E0E1F14A-DC62-4B66-9C60-B52F7E64E613}.Debug|Any CPU.Build.0 = Debug|Any CPU
		{E0E1F14A-DC62-4B66-9C60-B52F7E64E613}.Release|Any CPU.ActiveCfg = Release|Any CPU
		{E0E1F14A-DC62-4B66-9C60-B52F7E64E613}.Release|Any CPU.Build.0 = Release|Any CPU
		{2DDFAFA2-464E-4E71-890C-68A0829E286F}.Debug|Any CPU.ActiveCfg = Debug|Any CPU
		{2DDFAFA2-464E-4E71-890C-68A0829E286F}.Debug|Any CPU.Build.0 = Debug|Any CPU
		{2DDFAFA2-464E-4E71-890C-68A0829E286F}.Release|Any CPU.ActiveCfg = Release|Any CPU
		{2DDFAFA2-464E-4E71-890C-68A0829E286F}.Release|Any CPU.Build.0 = Release|Any CPU
		{6075766E-21FB-4B40-BD2B-CA1119D9EC50}.Debug|Any CPU.ActiveCfg = Debug|Any CPU
		{6075766E-21FB-4B40-BD2B-CA1119D9EC50}.Debug|Any CPU.Build.0 = Debug|Any CPU
		{6075766E-21FB-4B40-BD2B-CA1119D9EC50}.Release|Any CPU.ActiveCfg = Release|Any CPU
		{6075766E-21FB-4B40-BD2B-CA1119D9EC50}.Release|Any CPU.Build.0 = Release|Any CPU
		{E80F1308-73F7-4CC8-A40E-265A9FC455DD}.Debug|Any CPU.ActiveCfg = Debug|Any CPU
		{E80F1308-73F7-4CC8-A40E-265A9FC455DD}.Debug|Any CPU.Build.0 = Debug|Any CPU
		{E80F1308-73F7-4CC8-A40E-265A9FC455DD}.Release|Any CPU.ActiveCfg = Release|Any CPU
		{E80F1308-73F7-4CC8-A40E-265A9FC455DD}.Release|Any CPU.Build.0 = Release|Any CPU
		{42207BD0-87D2-4B63-A73E-17B93DAA74C0}.Debug|Any CPU.ActiveCfg = Debug|Any CPU
		{42207BD0-87D2-4B63-A73E-17B93DAA74C0}.Debug|Any CPU.Build.0 = Debug|Any CPU
		{42207BD0-87D2-4B63-A73E-17B93DAA74C0}.Release|Any CPU.ActiveCfg = Release|Any CPU
		{42207BD0-87D2-4B63-A73E-17B93DAA74C0}.Release|Any CPU.Build.0 = Release|Any CPU
		{236FC27A-E63E-490E-BF6B-7744E4A799C1}.Debug|Any CPU.ActiveCfg = Debug|Any CPU
		{236FC27A-E63E-490E-BF6B-7744E4A799C1}.Debug|Any CPU.Build.0 = Debug|Any CPU
		{236FC27A-E63E-490E-BF6B-7744E4A799C1}.Release|Any CPU.ActiveCfg = Release|Any CPU
		{236FC27A-E63E-490E-BF6B-7744E4A799C1}.Release|Any CPU.Build.0 = Release|Any CPU
		{FDD71D9E-0C1F-4ABA-919A-8E8D1B44549B}.Debug|Any CPU.ActiveCfg = Debug|Any CPU
		{FDD71D9E-0C1F-4ABA-919A-8E8D1B44549B}.Debug|Any CPU.Build.0 = Debug|Any CPU
		{FDD71D9E-0C1F-4ABA-919A-8E8D1B44549B}.Release|Any CPU.ActiveCfg = Release|Any CPU
		{FDD71D9E-0C1F-4ABA-919A-8E8D1B44549B}.Release|Any CPU.Build.0 = Release|Any CPU
		{86111CF4-1A99-48E6-9437-27653AF5B5B7}.Debug|Any CPU.ActiveCfg = Debug|Any CPU
		{86111CF4-1A99-48E6-9437-27653AF5B5B7}.Debug|Any CPU.Build.0 = Debug|Any CPU
		{86111CF4-1A99-48E6-9437-27653AF5B5B7}.Release|Any CPU.ActiveCfg = Release|Any CPU
		{86111CF4-1A99-48E6-9437-27653AF5B5B7}.Release|Any CPU.Build.0 = Release|Any CPU
	EndGlobalSection
	GlobalSection(SolutionProperties) = preSolution
		HideSolutionNode = FALSE
	EndGlobalSection
	GlobalSection(ExtensibilityGlobals) = postSolution
		SolutionGuid = {A8565598-AF60-4506-978A-5C2394F79EE8}
	EndGlobalSection
EndGlobal
